// !$*UTF8*$!
{
	archiveVersion = 1;
	classes = {
	};
	objectVersion = 46;
	objects = {

/* Begin PBXBuildFile section */
		4CB18ACB16564FDC00543C6C /* UIKit.framework in Frameworks */ = {isa = PBXBuildFile; fileRef = 4CB18ACA16564FDC00543C6C /* UIKit.framework */; };
		4CB18ACD16564FDC00543C6C /* Foundation.framework in Frameworks */ = {isa = PBXBuildFile; fileRef = 4CB18ACC16564FDC00543C6C /* Foundation.framework */; };
		4CB18ACF16564FDC00543C6C /* CoreGraphics.framework in Frameworks */ = {isa = PBXBuildFile; fileRef = 4CB18ACE16564FDC00543C6C /* CoreGraphics.framework */; };
		4CB18AD516564FDC00543C6C /* InfoPlist.strings in Resources */ = {isa = PBXBuildFile; fileRef = 4CB18AD316564FDC00543C6C /* InfoPlist.strings */; };
		4CB18AD716564FDC00543C6C /* main.m in Sources */ = {isa = PBXBuildFile; fileRef = 4CB18AD616564FDC00543C6C /* main.m */; };
		4CB18ADB16564FDC00543C6C /* AppDelegate.m in Sources */ = {isa = PBXBuildFile; fileRef = 4CB18ADA16564FDC00543C6C /* AppDelegate.m */; };
		4CB18ADD16564FDC00543C6C /* Default.png in Resources */ = {isa = PBXBuildFile; fileRef = 4CB18ADC16564FDC00543C6C /* Default.png */; };
		4CB18ADF16564FDC00543C6C /* Default@2x.png in Resources */ = {isa = PBXBuildFile; fileRef = 4CB18ADE16564FDC00543C6C /* Default@2x.png */; };
		4CB18AE116564FDC00543C6C /* Default-568h@2x.png in Resources */ = {isa = PBXBuildFile; fileRef = 4CB18AE016564FDC00543C6C /* Default-568h@2x.png */; };
		4CB18AE416564FDC00543C6C /* ViewController.m in Sources */ = {isa = PBXBuildFile; fileRef = 4CB18AE316564FDC00543C6C /* ViewController.m */; };
		4CB18AE716564FDC00543C6C /* ViewController.xib in Resources */ = {isa = PBXBuildFile; fileRef = 4CB18AE516564FDC00543C6C /* ViewController.xib */; };
/* End PBXBuildFile section */

/* Begin PBXFileReference section */
		4CB18AC616564FDC00543C6C /* propertyandaccessors.app */ = {isa = PBXFileReference; explicitFileType = wrapper.application; includeInIndex = 0; path = propertyandaccessors.app; sourceTree = BUILT_PRODUCTS_DIR; };
		4CB18ACA16564FDC00543C6C /* UIKit.framework */ = {isa = PBXFileReference; lastKnownFileType = wrapper.framework; name = UIKit.framework; path = System/Library/Frameworks/UIKit.framework; sourceTree = SDKROOT; };
		4CB18ACC16564FDC00543C6C /* Foundation.framework */ = {isa = PBXFileReference; lastKnownFileType = wrapper.framework; name = Foundation.framework; path = System/Library/Frameworks/Foundation.framework; sourceTree = SDKROOT; };
		4CB18ACE16564FDC00543C6C /* CoreGraphics.framework */ = {isa = PBXFileReference; lastKnownFileType = wrapper.framework; name = CoreGraphics.framework; path = System/Library/Frameworks/CoreGraphics.framework; sourceTree = SDKROOT; };
		4CB18AD216564FDC00543C6C /* propertyandaccessors-Info.plist */ = {isa = PBXFileReference; lastKnownFileType = text.plist.xml; path = "propertyandaccessors-Info.plist"; sourceTree = "<group>"; };
		4CB18AD416564FDC00543C6C /* en */ = {isa = PBXFileReference; lastKnownFileType = text.plist.strings; name = en; path = en.lproj/InfoPlist.strings; sourceTree = "<group>"; };
		4CB18AD616564FDC00543C6C /* main.m */ = {isa = PBXFileReference; lastKnownFileType = sourcecode.c.objc; path = main.m; sourceTree = "<group>"; };
		4CB18AD816564FDC00543C6C /* propertyandaccessors-Prefix.pch */ = {isa = PBXFileReference; lastKnownFileType = sourcecode.c.h; path = "propertyandaccessors-Prefix.pch"; sourceTree = "<group>"; };
		4CB18AD916564FDC00543C6C /* AppDelegate.h */ = {isa = PBXFileReference; lastKnownFileType = sourcecode.c.h; path = AppDelegate.h; sourceTree = "<group>"; };
		4CB18ADA16564FDC00543C6C /* AppDelegate.m */ = {isa = PBXFileReference; lastKnownFileType = sourcecode.c.objc; path = AppDelegate.m; sourceTree = "<group>"; };
		4CB18ADC16564FDC00543C6C /* Default.png */ = {isa = PBXFileReference; lastKnownFileType = image.png; path = Default.png; sourceTree = "<group>"; };
		4CB18ADE16564FDC00543C6C /* Default@2x.png */ = {isa = PBXFileReference; lastKnownFileType = image.png; path = "Default@2x.png"; sourceTree = "<group>"; };
		4CB18AE016564FDC00543C6C /* Default-568h@2x.png */ = {isa = PBXFileReference; lastKnownFileType = image.png; path = "Default-568h@2x.png"; sourceTree = "<group>"; };
		4CB18AE216564FDC00543C6C /* ViewController.h */ = {isa = PBXFileReference; lastKnownFileType = sourcecode.c.h; path = ViewController.h; sourceTree = "<group>"; };
		4CB18AE316564FDC00543C6C /* ViewController.m */ = {isa = PBXFileReference; lastKnownFileType = sourcecode.c.objc; path = ViewController.m; sourceTree = "<group>"; };
		4CB18AE616564FDC00543C6C /* en */ = {isa = PBXFileReference; lastKnownFileType = file.xib; name = en; path = en.lproj/ViewController.xib; sourceTree = "<group>"; };
/* End PBXFileReference section */

/* Begin PBXFrameworksBuildPhase section */
		4CB18AC316564FDC00543C6C /* Frameworks */ = {
			isa = PBXFrameworksBuildPhase;
			buildActionMask = 2147483647;
			files = (
				4CB18ACB16564FDC00543C6C /* UIKit.framework in Frameworks */,
				4CB18ACD16564FDC00543C6C /* Foundation.framework in Frameworks */,
				4CB18ACF16564FDC00543C6C /* CoreGraphics.framework in Frameworks */,
			);
			runOnlyForDeploymentPostprocessing = 0;
		};
/* End PBXFrameworksBuildPhase section */

/* Begin PBXGroup section */
		4CB18ABB16564FDC00543C6C = {
			isa = PBXGroup;
			children = (
				4CB18AD016564FDC00543C6C /* propertyandaccessors */,
				4CB18AC916564FDC00543C6C /* Frameworks */,
				4CB18AC716564FDC00543C6C /* Products */,
			);
			sourceTree = "<group>";
		};
		4CB18AC716564FDC00543C6C /* Products */ = {
			isa = PBXGroup;
			children = (
				4CB18AC616564FDC00543C6C /* propertyandaccessors.app */,
			);
			name = Products;
			sourceTree = "<group>";
		};
		4CB18AC916564FDC00543C6C /* Frameworks */ = {
			isa = PBXGroup;
			children = (
				4CB18ACA16564FDC00543C6C /* UIKit.framework */,
				4CB18ACC16564FDC00543C6C /* Foundation.framework */,
				4CB18ACE16564FDC00543C6C /* CoreGraphics.framework */,
			);
			name = Frameworks;
			sourceTree = "<group>";
		};
		4CB18AD016564FDC00543C6C /* propertyandaccessors */ = {
			isa = PBXGroup;
			children = (
				4CB18AD916564FDC00543C6C /* AppDelegate.h */,
				4CB18ADA16564FDC00543C6C /* AppDelegate.m */,
				4CB18AE216564FDC00543C6C /* ViewController.h */,
				4CB18AE316564FDC00543C6C /* ViewController.m */,
				4CB18AE516564FDC00543C6C /* ViewController.xib */,
				4CB18AD116564FDC00543C6C /* Supporting Files */,
			);
			path = propertyandaccessors;
			sourceTree = "<group>";
		};
		4CB18AD116564FDC00543C6C /* Supporting Files */ = {
			isa = PBXGroup;
			children = (
				4CB18AD216564FDC00543C6C /* propertyandaccessors-Info.plist */,
				4CB18AD316564FDC00543C6C /* InfoPlist.strings */,
				4CB18AD616564FDC00543C6C /* main.m */,
				4CB18AD816564FDC00543C6C /* propertyandaccessors-Prefix.pch */,
				4CB18ADC16564FDC00543C6C /* Default.png */,
				4CB18ADE16564FDC00543C6C /* Default@2x.png */,
				4CB18AE016564FDC00543C6C /* Default-568h@2x.png */,
			);
			name = "Supporting Files";
			sourceTree = "<group>";
		};
/* End PBXGroup section */

/* Begin PBXNativeTarget section */
		4CB18AC516564FDC00543C6C /* propertyandaccessors */ = {
			isa = PBXNativeTarget;
			buildConfigurationList = 4CB18AEA16564FDC00543C6C /* Build configuration list for PBXNativeTarget "propertyandaccessors" */;
			buildPhases = (
				4CB18AC216564FDC00543C6C /* Sources */,
				4CB18AC316564FDC00543C6C /* Frameworks */,
				4CB18AC416564FDC00543C6C /* Resources */,
			);
			buildRules = (
			);
			dependencies = (
			);
			name = propertyandaccessors;
			productName = propertyandaccessors;
			productReference = 4CB18AC616564FDC00543C6C /* propertyandaccessors.app */;
			productType = "com.apple.product-type.application";
		};
/* End PBXNativeTarget section */

/* Begin PBXProject section */
		4CB18ABD16564FDC00543C6C /* Project object */ = {
			isa = PBXProject;
			attributes = {
				LastUpgradeCheck = 0450;
				ORGANIZATIONNAME = mikeapphouse;
			};
			buildConfigurationList = 4CB18AC016564FDC00543C6C /* Build configuration list for PBXProject "propertyandaccessors" */;
			compatibilityVersion = "Xcode 3.2";
			developmentRegion = English;
			hasScannedForEncodings = 0;
			knownRegions = (
				en,
			);
			mainGroup = 4CB18ABB16564FDC00543C6C;
			productRefGroup = 4CB18AC716564FDC00543C6C /* Products */;
			projectDirPath = "";
			projectRoot = "";
			targets = (
				4CB18AC516564FDC00543C6C /* propertyandaccessors */,
			);
		};
/* End PBXProject section */

/* Begin PBXResourcesBuildPhase section */
		4CB18AC416564FDC00543C6C /* Resources */ = {
			isa = PBXResourcesBuildPhase;
			buildActionMask = 2147483647;
			files = (
				4CB18AD516564FDC00543C6C /* InfoPlist.strings in Resources */,
				4CB18ADD16564FDC00543C6C /* Default.png in Resources */,
				4CB18ADF16564FDC00543C6C /* Default@2x.png in Resources */,
				4CB18AE116564FDC00543C6C /* Default-568h@2x.png in Resources */,
				4CB18AE716564FDC00543C6C /* ViewController.xib in Resources */,
			);
			runOnlyForDeploymentPostprocessing = 0;
		};
/* End PBXResourcesBuildPhase section */

/* Begin PBXSourcesBuildPhase section */
		4CB18AC216564FDC00543C6C /* Sources */ = {
			isa = PBXSourcesBuildPhase;
			buildActionMask = 2147483647;
			files = (
				4CB18AD716564FDC00543C6C /* main.m in Sources */,
				4CB18ADB16564FDC00543C6C /* AppDelegate.m in Sources */,
				4CB18AE416564FDC00543C6C /* ViewController.m in Sources */,
			);
			runOnlyForDeploymentPostprocessing = 0;
		};
/* End PBXSourcesBuildPhase section */

/* Begin PBXVariantGroup section */
		4CB18AD316564FDC00543C6C /* InfoPlist.strings */ = {
			isa = PBXVariantGroup;
			children = (
				4CB18AD416564FDC00543C6C /* en */,
			);
			name = InfoPlist.strings;
			sourceTree = "<group>";
		};
		4CB18AE516564FDC00543C6C /* ViewController.xib */ = {
			isa = PBXVariantGroup;
			children = (
				4CB18AE616564FDC00543C6C /* en */,
			);
			name = ViewController.xib;
			sourceTree = "<group>";
		};
/* End PBXVariantGroup section */

/* Begin XCBuildConfiguration section */
		4CB18AE816564FDC00543C6C /* Debug */ = {
			isa = XCBuildConfiguration;
			buildSettings = {
				ALWAYS_SEARCH_USER_PATHS = NO;
				CLANG_CXX_LANGUAGE_STANDARD = "gnu++0x";
				CLANG_CXX_LIBRARY = "libc++";
				CLANG_ENABLE_OBJC_ARC = YES;
				CLANG_WARN_EMPTY_BODY = YES;
				CLANG_WARN__DUPLICATE_METHOD_MATCH = YES;
				"CODE_SIGN_IDENTITY[sdk=iphoneos*]" = "iPhone Developer";
				COPY_PHASE_STRIP = NO;
				GCC_C_LANGUAGE_STANDARD = gnu99;
				GCC_DYNAMIC_NO_PIC = NO;
				GCC_OPTIMIZATION_LEVEL = 0;
				GCC_PREPROCESSOR_DEFINITIONS = (
					"DEBUG=1",
					"$(inherited)",
				);
				GCC_SYMBOLS_PRIVATE_EXTERN = NO;
				GCC_WARN_ABOUT_RETURN_TYPE = YES;
				GCC_WARN_UNINITIALIZED_AUTOS = YES;
				GCC_WARN_UNUSED_VARIABLE = YES;
				IPHONEOS_DEPLOYMENT_TARGET = 6.0;
				ONLY_ACTIVE_ARCH = YES;
				SDKROOT = iphoneos;
			};
			name = Debug;
		};
		4CB18AE916564FDC00543C6C /* Release */ = {
			isa = XCBuildConfiguration;
			buildSettings = {
				ALWAYS_SEARCH_USER_PATHS = NO;
				CLANG_CXX_LANGUAGE_STANDARD = "gnu++0x";
				CLANG_CXX_LIBRARY = "libc++";
				CLANG_ENABLE_OBJC_ARC = YES;
				CLANG_WARN_EMPTY_BODY = YES;
				CLANG_WARN__DUPLICATE_METHOD_MATCH = YES;
				"CODE_SIGN_IDENTITY[sdk=iphoneos*]" = "iPhone Developer";
				COPY_PHASE_STRIP = YES;
				GCC_C_LANGUAGE_STANDARD = gnu99;
				GCC_WARN_ABOUT_RETURN_TYPE = YES;
				GCC_WARN_UNINITIALIZED_AUTOS = YES;
				GCC_WARN_UNUSED_VARIABLE = YES;
				IPHONEOS_DEPLOYMENT_TARGET = 6.0;
				OTHER_CFLAGS = "-DNS_BLOCK_ASSERTIONS=1";
				SDKROOT = iphoneos;
				VALIDATE_PRODUCT = YES;
			};
			name = Release;
		};
		4CB18AEB16564FDC00543C6C /* Debug */ = {
			isa = XCBuildConfiguration;
			buildSettings = {
				GCC_PRECOMPILE_PREFIX_HEADER = YES;
				GCC_PREFIX_HEADER = "propertyandaccessors/propertyandaccessors-Prefix.pch";
				INFOPLIST_FILE = "propertyandaccessors/propertyandaccessors-Info.plist";
				PRODUCT_NAME = "$(TARGET_NAME)";
				WRAPPER_EXTENSION = app;
			};
			name = Debug;
		};
		4CB18AEC16564FDC00543C6C /* Release */ = {
			isa = XCBuildConfiguration;
			buildSettings = {
				GCC_PRECOMPILE_PREFIX_HEADER = YES;
				GCC_PREFIX_HEADER = "propertyandaccessors/propertyandaccessors-Prefix.pch";
				INFOPLIST_FILE = "propertyandaccessors/propertyandaccessors-Info.plist";
				PRODUCT_NAME = "$(TARGET_NAME)";
				WRAPPER_EXTENSION = app;
			};
			name = Release;
		};
/* End XCBuildConfiguration section */

/* Begin XCConfigurationList section */
		4CB18AC016564FDC00543C6C /* Build configuration list for PBXProject "propertyandaccessors" */ = {
			isa = XCConfigurationList;
			buildConfigurations = (
				4CB18AE816564FDC00543C6C /* Debug */,
				4CB18AE916564FDC00543C6C /* Release */,
			);
			defaultConfigurationIsVisible = 0;
			defaultConfigurationName = Release;
		};
		4CB18AEA16564FDC00543C6C /* Build configuration list for PBXNativeTarget "propertyandaccessors" */ = {
			isa = XCConfigurationList;
			buildConfigurations = (
				4CB18AEB16564FDC00543C6C /* Debug */,
				4CB18AEC16564FDC00543C6C /* Release */,
			);
			defaultConfigurationIsVisible = 0;
		};
/* End XCConfigurationList section */
	};
	rootObject = 4CB18ABD16564FDC00543C6C /* Project object */;
}
